// !$*UTF8*$!
{
	archiveVersion = 1;
	classes = {
	};
	objectVersion = 46;
	objects = {

/* Begin PBXBuildFile section */
		FB8FD468199860CA002EF5E8 /* Foundation.framework in Frameworks */ = {isa = PBXBuildFile; fileRef = FB8FD467199860CA002EF5E8 /* Foundation.framework */; };
		FB8FD46A199860CA002EF5E8 /* CoreGraphics.framework in Frameworks */ = {isa = PBXBuildFile; fileRef = FB8FD469199860CA002EF5E8 /* CoreGraphics.framework */; };
		FB8FD46C199860CA002EF5E8 /* UIKit.framework in Frameworks */ = {isa = PBXBuildFile; fileRef = FB8FD46B199860CA002EF5E8 /* UIKit.framework */; };
		FB8FD46E199860CA002EF5E8 /* CoreData.framework in Frameworks */ = {isa = PBXBuildFile; fileRef = FB8FD46D199860CA002EF5E8 /* CoreData.framework */; };
		FB8FD474199860CA002EF5E8 /* InfoPlist.strings in Resources */ = {isa = PBXBuildFile; fileRef = FB8FD472199860CA002EF5E8 /* InfoPlist.strings */; };
		FB8FD476199860CA002EF5E8 /* main.m in Sources */ = {isa = PBXBuildFile; fileRef = FB8FD475199860CA002EF5E8 /* main.m */; };
		FB8FD47A199860CA002EF5E8 /* AppDelegate.m in Sources */ = {isa = PBXBuildFile; fileRef = FB8FD479199860CA002EF5E8 /* AppDelegate.m */; };
		FB8FD47D199860CA002EF5E8 /* Social_Finance.xcdatamodeld in Sources */ = {isa = PBXBuildFile; fileRef = FB8FD47B199860CA002EF5E8 /* Social_Finance.xcdatamodeld */; };
		FB8FD47F199860CA002EF5E8 /* Images.xcassets in Resources */ = {isa = PBXBuildFile; fileRef = FB8FD47E199860CA002EF5E8 /* Images.xcassets */; };
		FB8FD486199860CA002EF5E8 /* XCTest.framework in Frameworks */ = {isa = PBXBuildFile; fileRef = FB8FD485199860CA002EF5E8 /* XCTest.framework */; };
		FB8FD487199860CA002EF5E8 /* Foundation.framework in Frameworks */ = {isa = PBXBuildFile; fileRef = FB8FD467199860CA002EF5E8 /* Foundation.framework */; };
		FB8FD488199860CA002EF5E8 /* UIKit.framework in Frameworks */ = {isa = PBXBuildFile; fileRef = FB8FD46B199860CA002EF5E8 /* UIKit.framework */; };
		FB8FD489199860CA002EF5E8 /* CoreData.framework in Frameworks */ = {isa = PBXBuildFile; fileRef = FB8FD46D199860CA002EF5E8 /* CoreData.framework */; };
		FB8FD491199860CA002EF5E8 /* InfoPlist.strings in Resources */ = {isa = PBXBuildFile; fileRef = FB8FD48F199860CA002EF5E8 /* InfoPlist.strings */; };
		FB8FD493199860CA002EF5E8 /* Social_FinanceTests.m in Sources */ = {isa = PBXBuildFile; fileRef = FB8FD492199860CA002EF5E8 /* Social_FinanceTests.m */; };
/* End PBXBuildFile section */

/* Begin PBXContainerItemProxy section */
		FB8FD48A199860CA002EF5E8 /* PBXContainerItemProxy */ = {
			isa = PBXContainerItemProxy;
			containerPortal = FB8FD45C199860CA002EF5E8 /* Project object */;
			proxyType = 1;
			remoteGlobalIDString = FB8FD463199860CA002EF5E8;
			remoteInfo = "Social Finance";
		};
/* End PBXContainerItemProxy section */

/* Begin PBXFileReference section */
		FB8FD464199860CA002EF5E8 /* Social Finance.app */ = {isa = PBXFileReference; explicitFileType = wrapper.application; includeInIndex = 0; path = "Social Finance.app"; sourceTree = BUILT_PRODUCTS_DIR; };
		FB8FD467199860CA002EF5E8 /* Foundation.framework */ = {isa = PBXFileReference; lastKnownFileType = wrapper.framework; name = Foundation.framework; path = System/Library/Frameworks/Foundation.framework; sourceTree = SDKROOT; };
		FB8FD469199860CA002EF5E8 /* CoreGraphics.framework */ = {isa = PBXFileReference; lastKnownFileType = wrapper.framework; name = CoreGraphics.framework; path = System/Library/Frameworks/CoreGraphics.framework; sourceTree = SDKROOT; };
		FB8FD46B199860CA002EF5E8 /* UIKit.framework */ = {isa = PBXFileReference; lastKnownFileType = wrapper.framework; name = UIKit.framework; path = System/Library/Frameworks/UIKit.framework; sourceTree = SDKROOT; };
		FB8FD46D199860CA002EF5E8 /* CoreData.framework */ = {isa = PBXFileReference; lastKnownFileType = wrapper.framework; name = CoreData.framework; path = System/Library/Frameworks/CoreData.framework; sourceTree = SDKROOT; };
		FB8FD471199860CA002EF5E8 /* Social Finance-Info.plist */ = {isa = PBXFileReference; lastKnownFileType = text.plist.xml; path = "Social Finance-Info.plist"; sourceTree = "<group>"; };
		FB8FD473199860CA002EF5E8 /* en */ = {isa = PBXFileReference; lastKnownFileType = text.plist.strings; name = en; path = en.lproj/InfoPlist.strings; sourceTree = "<group>"; };
		FB8FD475199860CA002EF5E8 /* main.m */ = {isa = PBXFileReference; lastKnownFileType = sourcecode.c.objc; path = main.m; sourceTree = "<group>"; };
		FB8FD477199860CA002EF5E8 /* Social Finance-Prefix.pch */ = {isa = PBXFileReference; lastKnownFileType = sourcecode.c.h; path = "Social Finance-Prefix.pch"; sourceTree = "<group>"; };
		FB8FD478199860CA002EF5E8 /* AppDelegate.h */ = {isa = PBXFileReference; lastKnownFileType = sourcecode.c.h; path = AppDelegate.h; sourceTree = "<group>"; };
		FB8FD479199860CA002EF5E8 /* AppDelegate.m */ = {isa = PBXFileReference; lastKnownFileType = sourcecode.c.objc; path = AppDelegate.m; sourceTree = "<group>"; };
		FB8FD47C199860CA002EF5E8 /* Social_Finance.xcdatamodel */ = {isa = PBXFileReference; lastKnownFileType = wrapper.xcdatamodel; path = Social_Finance.xcdatamodel; sourceTree = "<group>"; };
		FB8FD47E199860CA002EF5E8 /* Images.xcassets */ = {isa = PBXFileReference; lastKnownFileType = folder.assetcatalog; path = Images.xcassets; sourceTree = "<group>"; };
		FB8FD484199860CA002EF5E8 /* Social FinanceTests.xctest */ = {isa = PBXFileReference; explicitFileType = wrapper.cfbundle; includeInIndex = 0; path = "Social FinanceTests.xctest"; sourceTree = BUILT_PRODUCTS_DIR; };
		FB8FD485199860CA002EF5E8 /* XCTest.framework */ = {isa = PBXFileReference; lastKnownFileType = wrapper.framework; name = XCTest.framework; path = Library/Frameworks/XCTest.framework; sourceTree = DEVELOPER_DIR; };
		FB8FD48E199860CA002EF5E8 /* Social FinanceTests-Info.plist */ = {isa = PBXFileReference; lastKnownFileType = text.plist.xml; path = "Social FinanceTests-Info.plist"; sourceTree = "<group>"; };
		FB8FD490199860CA002EF5E8 /* en */ = {isa = PBXFileReference; lastKnownFileType = text.plist.strings; name = en; path = en.lproj/InfoPlist.strings; sourceTree = "<group>"; };
		FB8FD492199860CA002EF5E8 /* Social_FinanceTests.m */ = {isa = PBXFileReference; lastKnownFileType = sourcecode.c.objc; path = Social_FinanceTests.m; sourceTree = "<group>"; };
/* End PBXFileReference section */

/* Begin PBXFrameworksBuildPhase section */
		FB8FD461199860CA002EF5E8 /* Frameworks */ = {
			isa = PBXFrameworksBuildPhase;
			buildActionMask = 2147483647;
			files = (
				FB8FD46A199860CA002EF5E8 /* CoreGraphics.framework in Frameworks */,
				FB8FD46E199860CA002EF5E8 /* CoreData.framework in Frameworks */,
				FB8FD46C199860CA002EF5E8 /* UIKit.framework in Frameworks */,
				FB8FD468199860CA002EF5E8 /* Foundation.framework in Frameworks */,
			);
			runOnlyForDeploymentPostprocessing = 0;
		};
		FB8FD481199860CA002EF5E8 /* Frameworks */ = {
			isa = PBXFrameworksBuildPhase;
			buildActionMask = 2147483647;
			files = (
				FB8FD486199860CA002EF5E8 /* XCTest.framework in Frameworks */,
				FB8FD489199860CA002EF5E8 /* CoreData.framework in Frameworks */,
				FB8FD488199860CA002EF5E8 /* UIKit.framework in Frameworks */,
				FB8FD487199860CA002EF5E8 /* Foundation.framework in Frameworks */,
			);
			runOnlyForDeploymentPostprocessing = 0;
		};
/* End PBXFrameworksBuildPhase section */

/* Begin PBXGroup section */
		FB8FD45B199860CA002EF5E8 = {
			isa = PBXGroup;
			children = (
				FB8FD46F199860CA002EF5E8 /* Social Finance */,
				FB8FD48C199860CA002EF5E8 /* Social FinanceTests */,
				FB8FD466199860CA002EF5E8 /* Frameworks */,
				FB8FD465199860CA002EF5E8 /* Products */,
			);
			sourceTree = "<group>";
		};
		FB8FD465199860CA002EF5E8 /* Products */ = {
			isa = PBXGroup;
			children = (
				FB8FD464199860CA002EF5E8 /* Social Finance.app */,
				FB8FD484199860CA002EF5E8 /* Social FinanceTests.xctest */,
			);
			name = Products;
			sourceTree = "<group>";
		};
		FB8FD466199860CA002EF5E8 /* Frameworks */ = {
			isa = PBXGroup;
			children = (
				FB8FD467199860CA002EF5E8 /* Foundation.framework */,
				FB8FD469199860CA002EF5E8 /* CoreGraphics.framework */,
				FB8FD46B199860CA002EF5E8 /* UIKit.framework */,
				FB8FD46D199860CA002EF5E8 /* CoreData.framework */,
				FB8FD485199860CA002EF5E8 /* XCTest.framework */,
			);
			name = Frameworks;
			sourceTree = "<group>";
		};
		FB8FD46F199860CA002EF5E8 /* Social Finance */ = {
			isa = PBXGroup;
			children = (
				FB8FD478199860CA002EF5E8 /* AppDelegate.h */,
				FB8FD479199860CA002EF5E8 /* AppDelegate.m */,
				FB8FD47E199860CA002EF5E8 /* Images.xcassets */,
				FB8FD47B199860CA002EF5E8 /* Social_Finance.xcdatamodeld */,
				FB8FD470199860CA002EF5E8 /* Supporting Files */,
			);
			path = "Social Finance";
			sourceTree = "<group>";
		};
		FB8FD470199860CA002EF5E8 /* Supporting Files */ = {
			isa = PBXGroup;
			children = (
				FB8FD471199860CA002EF5E8 /* Social Finance-Info.plist */,
				FB8FD472199860CA002EF5E8 /* InfoPlist.strings */,
				FB8FD475199860CA002EF5E8 /* main.m */,
				FB8FD477199860CA002EF5E8 /* Social Finance-Prefix.pch */,
			);
			name = "Supporting Files";
			sourceTree = "<group>";
		};
		FB8FD48C199860CA002EF5E8 /* Social FinanceTests */ = {
			isa = PBXGroup;
			children = (
				FB8FD492199860CA002EF5E8 /* Social_FinanceTests.m */,
				FB8FD48D199860CA002EF5E8 /* Supporting Files */,
			);
			path = "Social FinanceTests";
			sourceTree = "<group>";
		};
		FB8FD48D199860CA002EF5E8 /* Supporting Files */ = {
			isa = PBXGroup;
			children = (
				FB8FD48E199860CA002EF5E8 /* Social FinanceTests-Info.plist */,
				FB8FD48F199860CA002EF5E8 /* InfoPlist.strings */,
			);
			name = "Supporting Files";
			sourceTree = "<group>";
		};
/* End PBXGroup section */

/* Begin PBXNativeTarget section */
		FB8FD463199860CA002EF5E8 /* Social Finance */ = {
			isa = PBXNativeTarget;
			buildConfigurationList = FB8FD496199860CA002EF5E8 /* Build configuration list for PBXNativeTarget "Social Finance" */;
			buildPhases = (
				FB8FD460199860CA002EF5E8 /* Sources */,
				FB8FD461199860CA002EF5E8 /* Frameworks */,
				FB8FD462199860CA002EF5E8 /* Resources */,
			);
			buildRules = (
			);
			dependencies = (
			);
			name = "Social Finance";
			productName = "Social Finance";
			productReference = FB8FD464199860CA002EF5E8 /* Social Finance.app */;
			productType = "com.apple.product-type.application";
		};
		FB8FD483199860CA002EF5E8 /* Social FinanceTests */ = {
			isa = PBXNativeTarget;
			buildConfigurationList = FB8FD499199860CA002EF5E8 /* Build configuration list for PBXNativeTarget "Social FinanceTests" */;
			buildPhases = (
				FB8FD480199860CA002EF5E8 /* Sources */,
				FB8FD481199860CA002EF5E8 /* Frameworks */,
				FB8FD482199860CA002EF5E8 /* Resources */,
			);
			buildRules = (
			);
			dependencies = (
				FB8FD48B199860CA002EF5E8 /* PBXTargetDependency */,
			);
			name = "Social FinanceTests";
			productName = "Social FinanceTests";
			productReference = FB8FD484199860CA002EF5E8 /* Social FinanceTests.xctest */;
			productType = "com.apple.product-type.bundle.unit-test";
		};
/* End PBXNativeTarget section */

/* Begin PBXProject section */
		FB8FD45C199860CA002EF5E8 /* Project object */ = {
			isa = PBXProject;
			attributes = {
				LastUpgradeCheck = 0510;
				ORGANIZATIONNAME = Mtel;
				TargetAttributes = {
					FB8FD483199860CA002EF5E8 = {
						TestTargetID = FB8FD463199860CA002EF5E8;
					};
				};
			};
			buildConfigurationList = FB8FD45F199860CA002EF5E8 /* Build configuration list for PBXProject "Social Finance" */;
			compatibilityVersion = "Xcode 3.2";
			developmentRegion = English;
			hasScannedForEncodings = 0;
			knownRegions = (
				en,
			);
			mainGroup = FB8FD45B199860CA002EF5E8;
			productRefGroup = FB8FD465199860CA002EF5E8 /* Products */;
			projectDirPath = "";
			projectRoot = "";
			targets = (
				FB8FD463199860CA002EF5E8 /* Social Finance */,
				FB8FD483199860CA002EF5E8 /* Social FinanceTests */,
			);
		};
/* End PBXProject section */

/* Begin PBXResourcesBuildPhase section */
		FB8FD462199860CA002EF5E8 /* Resources */ = {
			isa = PBXResourcesBuildPhase;
			buildActionMask = 2147483647;
			files = (
				FB8FD474199860CA002EF5E8 /* InfoPlist.strings in Resources */,
				FB8FD47F199860CA002EF5E8 /* Images.xcassets in Resources */,
			);
			runOnlyForDeploymentPostprocessing = 0;
		};
		FB8FD482199860CA002EF5E8 /* Resources */ = {
			isa = PBXResourcesBuildPhase;
			buildActionMask = 2147483647;
			files = (
				FB8FD491199860CA002EF5E8 /* InfoPlist.strings in Resources */,
			);
			runOnlyForDeploymentPostprocessing = 0;
		};
/* End PBXResourcesBuildPhase section */

/* Begin PBXSourcesBuildPhase section */
		FB8FD460199860CA002EF5E8 /* Sources */ = {
			isa = PBXSourcesBuildPhase;
			buildActionMask = 2147483647;
			files = (
				FB8FD47A199860CA002EF5E8 /* AppDelegate.m in Sources */,
				FB8FD47D199860CA002EF5E8 /* Social_Finance.xcdatamodeld in Sources */,
				FB8FD476199860CA002EF5E8 /* main.m in Sources */,
			);
			runOnlyForDeploymentPostprocessing = 0;
		};
		FB8FD480199860CA002EF5E8 /* Sources */ = {
			isa = PBXSourcesBuildPhase;
			buildActionMask = 2147483647;
			files = (
				FB8FD493199860CA002EF5E8 /* Social_FinanceTests.m in Sources */,
			);
			runOnlyForDeploymentPostprocessing = 0;
		};
/* End PBXSourcesBuildPhase section */

/* Begin PBXTargetDependency section */
		FB8FD48B199860CA002EF5E8 /* PBXTargetDependency */ = {
			isa = PBXTargetDependency;
			target = FB8FD463199860CA002EF5E8 /* Social Finance */;
			targetProxy = FB8FD48A199860CA002EF5E8 /* PBXContainerItemProxy */;
		};
/* End PBXTargetDependency section */

/* Begin PBXVariantGroup section */
		FB8FD472199860CA002EF5E8 /* InfoPlist.strings */ = {
			isa = PBXVariantGroup;
			children = (
				FB8FD473199860CA002EF5E8 /* en */,
			);
			name = InfoPlist.strings;
			sourceTree = "<group>";
		};
		FB8FD48F199860CA002EF5E8 /* InfoPlist.strings */ = {
			isa = PBXVariantGroup;
			children = (
				FB8FD490199860CA002EF5E8 /* en */,
			);
			name = InfoPlist.strings;
			sourceTree = "<group>";
		};
/* End PBXVariantGroup section */

/* Begin XCBuildConfiguration section */
		FB8FD494199860CA002EF5E8 /* Debug */ = {
			isa = XCBuildConfiguration;
			buildSettings = {
				ALWAYS_SEARCH_USER_PATHS = NO;
				CLANG_CXX_LANGUAGE_STANDARD = "gnu++0x";
				CLANG_CXX_LIBRARY = "libc++";
				CLANG_ENABLE_MODULES = YES;
				CLANG_ENABLE_OBJC_ARC = YES;
				CLANG_WARN_BOOL_CONVERSION = YES;
				CLANG_WARN_CONSTANT_CONVERSION = YES;
				CLANG_WARN_DIRECT_OBJC_ISA_USAGE = YES_ERROR;
				CLANG_WARN_EMPTY_BODY = YES;
				CLANG_WARN_ENUM_CONVERSION = YES;
				CLANG_WARN_INT_CONVERSION = YES;
				CLANG_WARN_OBJC_ROOT_CLASS = YES_ERROR;
				CLANG_WARN__DUPLICATE_METHOD_MATCH = YES;
				"CODE_SIGN_IDENTITY[sdk=iphoneos*]" = "iPhone Developer";
				COPY_PHASE_STRIP = NO;
				GCC_C_LANGUAGE_STANDARD = gnu99;
				GCC_DYNAMIC_NO_PIC = NO;
				GCC_OPTIMIZATION_LEVEL = 0;
				GCC_PREPROCESSOR_DEFINITIONS = (
					"DEBUG=1",
					"$(inherited)",
				);
				GCC_SYMBOLS_PRIVATE_EXTERN = NO;
				GCC_WARN_64_TO_32_BIT_CONVERSION = YES;
				GCC_WARN_ABOUT_RETURN_TYPE = YES_ERROR;
				GCC_WARN_UNDECLARED_SELECTOR = YES;
				GCC_WARN_UNINITIALIZED_AUTOS = YES_AGGRESSIVE;
				GCC_WARN_UNUSED_FUNCTION = YES;
				GCC_WARN_UNUSED_VARIABLE = YES;
				IPHONEOS_DEPLOYMENT_TARGET = 7.1;
				ONLY_ACTIVE_ARCH = YES;
				SDKROOT = iphoneos;
				TARGETED_DEVICE_FAMILY = "1,2";
			};
			name = Debug;
		};
		FB8FD495199860CA002EF5E8 /* Release */ = {
			isa = XCBuildConfiguration;
			buildSettings = {
				ALWAYS_SEARCH_USER_PATHS = NO;
				CLANG_CXX_LANGUAGE_STANDARD = "gnu++0x";
				CLANG_CXX_LIBRARY = "libc++";
				CLANG_ENABLE_MODULES = YES;
				CLANG_ENABLE_OBJC_ARC = YES;
				CLANG_WARN_BOOL_CONVERSION = YES;
				CLANG_WARN_CONSTANT_CONVERSION = YES;
				CLANG_WARN_DIRECT_OBJC_ISA_USAGE = YES_ERROR;
				CLANG_WARN_EMPTY_BODY = YES;
				CLANG_WARN_ENUM_CONVERSION = YES;
				CLANG_WARN_INT_CONVERSION = YES;
				CLANG_WARN_OBJC_ROOT_CLASS = YES_ERROR;
				CLANG_WARN__DUPLICATE_METHOD_MATCH = YES;
				"CODE_SIGN_IDENTITY[sdk=iphoneos*]" = "iPhone Developer";
				COPY_PHASE_STRIP = YES;
				ENABLE_NS_ASSERTIONS = NO;
				GCC_C_LANGUAGE_STANDARD = gnu99;
				GCC_WARN_64_TO_32_BIT_CONVERSION = YES;
				GCC_WARN_ABOUT_RETURN_TYPE = YES_ERROR;
				GCC_WARN_UNDECLARED_SELECTOR = YES;
				GCC_WARN_UNINITIALIZED_AUTOS = YES_AGGRESSIVE;
				GCC_WARN_UNUSED_FUNCTION = YES;
				GCC_WARN_UNUSED_VARIABLE = YES;
				IPHONEOS_DEPLOYMENT_TARGET = 7.1;
				SDKROOT = iphoneos;
				TARGETED_DEVICE_FAMILY = "1,2";
				VALIDATE_PRODUCT = YES;
			};
			name = Release;
		};
		FB8FD497199860CA002EF5E8 /* Debug */ = {
			isa = XCBuildConfiguration;
			buildSettings = {
				ASSETCATALOG_COMPILER_APPICON_NAME = AppIcon;
				ASSETCATALOG_COMPILER_LAUNCHIMAGE_NAME = LaunchImage;
				GCC_PRECOMPILE_PREFIX_HEADER = YES;
				GCC_PREFIX_HEADER = "Social Finance/Social Finance-Prefix.pch";
				INFOPLIST_FILE = "Social Finance/Social Finance-Info.plist";
				PRODUCT_NAME = "$(TARGET_NAME)";
				WRAPPER_EXTENSION = app;
			};
			name = Debug;
		};
		FB8FD498199860CA002EF5E8 /* Release */ = {
			isa = XCBuildConfiguration;
			buildSettings = {
				ASSETCATALOG_COMPILER_APPICON_NAME = AppIcon;
				ASSETCATALOG_COMPILER_LAUNCHIMAGE_NAME = LaunchImage;
				GCC_PRECOMPILE_PREFIX_HEADER = YES;
				GCC_PREFIX_HEADER = "Social Finance/Social Finance-Prefix.pch";
				INFOPLIST_FILE = "Social Finance/Social Finance-Info.plist";
				PRODUCT_NAME = "$(TARGET_NAME)";
				WRAPPER_EXTENSION = app;
			};
			name = Release;
		};
		FB8FD49A199860CA002EF5E8 /* Debug */ = {
			isa = XCBuildConfiguration;
			buildSettings = {
				BUNDLE_LOADER = "$(BUILT_PRODUCTS_DIR)/Social Finance.app/Social Finance";
				FRAMEWORK_SEARCH_PATHS = (
					"$(SDKROOT)/Developer/Library/Frameworks",
					"$(inherited)",
					"$(DEVELOPER_FRAMEWORKS_DIR)",
				);
				GCC_PRECOMPILE_PREFIX_HEADER = YES;
				GCC_PREFIX_HEADER = "Social Finance/Social Finance-Prefix.pch";
				GCC_PREPROCESSOR_DEFINITIONS = (
					"DEBUG=1",
					"$(inherited)",
				);
				INFOPLIST_FILE = "Social FinanceTests/Social FinanceTests-Info.plist";
				PRODUCT_NAME = "$(TARGET_NAME)";
				TEST_HOST = "$(BUNDLE_LOADER)";
				WRAPPER_EXTENSION = xctest;
			};
			name = Debug;
		};
		FB8FD49B199860CA002EF5E8 /* Release */ = {
			isa = XCBuildConfiguration;
			buildSettings = {
				BUNDLE_LOADER = "$(BUILT_PRODUCTS_DIR)/Social Finance.app/Social Finance";
				FRAMEWORK_SEARCH_PATHS = (
					"$(SDKROOT)/Developer/Library/Frameworks",
					"$(inherited)",
					"$(DEVELOPER_FRAMEWORKS_DIR)",
				);
				GCC_PRECOMPILE_PREFIX_HEADER = YES;
				GCC_PREFIX_HEADER = "Social Finance/Social Finance-Prefix.pch";
				INFOPLIST_FILE = "Social FinanceTests/Social FinanceTests-Info.plist";
				PRODUCT_NAME = "$(TARGET_NAME)";
				TEST_HOST = "$(BUNDLE_LOADER)";
				WRAPPER_EXTENSION = xctest;
			};
			name = Release;
		};
/* End XCBuildConfiguration section */

/* Begin XCConfigurationList section */
		FB8FD45F199860CA002EF5E8 /* Build configuration list for PBXProject "Social Finance" */ = {
			isa = XCConfigurationList;
			buildConfigurations = (
				FB8FD494199860CA002EF5E8 /* Debug */,
				FB8FD495199860CA002EF5E8 /* Release */,
			);
			defaultConfigurationIsVisible = 0;
			defaultConfigurationName = Release;
		};
		FB8FD496199860CA002EF5E8 /* Build configuration list for PBXNativeTarget "Social Finance" */ = {
			isa = XCConfigurationList;
			buildConfigurations = (
				FB8FD497199860CA002EF5E8 /* Debug */,
				FB8FD498199860CA002EF5E8 /* Release */,
			);
			defaultConfigurationIsVisible = 0;
		};
		FB8FD499199860CA002EF5E8 /* Build configuration list for PBXNativeTarget "Social FinanceTests" */ = {
			isa = XCConfigurationList;
			buildConfigurations = (
				FB8FD49A199860CA002EF5E8 /* Debug */,
				FB8FD49B199860CA002EF5E8 /* Release */,
			);
			defaultConfigurationIsVisible = 0;
		};
/* End XCConfigurationList section */

/* Begin XCVersionGroup section */
		FB8FD47B199860CA002EF5E8 /* Social_Finance.xcdatamodeld */ = {
			isa = XCVersionGroup;
			children = (
				FB8FD47C199860CA002EF5E8 /* Social_Finance.xcdatamodel */,
			);
			currentVersion = FB8FD47C199860CA002EF5E8 /* Social_Finance.xcdatamodel */;
			path = Social_Finance.xcdatamodeld;
			sourceTree = "<group>";
			versionGroupType = wrapper.xcdatamodel;
		};
/* End XCVersionGroup section */
	};
	rootObject = FB8FD45C199860CA002EF5E8 /* Project object */;
}
